github.com/assembly-hub/basics v1.3.2 h1:B++BlFKyzCJ2G8299xkNKa6DXV0/ilGVKI1BZ7TWK7E=
github.com/assembly-hub/basics v1.3.2/go.mod h1:WJXeuFaAjuYApscn3Gu6zUrDlfWmrhWR6vm50yTd/GY=
github.com/assembly-hub/db v1.2.0 h1:OPUmvMgLiIAW2y9WNYj+ES3eOpqbssgAyMypKkCqLeQ=
github.com/assembly-hub/db v1.2.0/go.mod h1:9+dcqnoroxIHLj6mscB4T6oeEU85yFGahgjl65IKJis=
github.com/assembly-hub/log v1.2.0 h1:9OkHEd/CTtW46QH8V2jiaOsRlOk6o6C0bBUPWXPN7Ww=
github.com/assembly-hub/log v1.2.0/go.mod h1:uoN8wkgxbWyLuua7mmTdxHoHDRDjkdwa6NN8beYlbmI=
github.com/assembly-hub/task v1.2.1 h1:qZ1Z+RzJXSCK+5R48jLJ3jFo/gXrSI4rZTxkRZD8fEU=
github.com/assembly-hub/task v1.2.1/go.mod h1:bIjnVmc+86yX3RaOpv6uwALDhzG3muTXW6JEenndkSI=
